// !$*UTF8*$!
{
	archiveVersion = 1;
	classes = {
	};
	objectVersion = 50;
	objects = {

/* Begin PBXBuildFile section */
		215B1E3D215C6E170084581D /* AppDelegate.m in Sources */ = {isa = PBXBuildFile; fileRef = 215B1E3C215C6E170084581D /* AppDelegate.m */; };
		215B1E40215C6E170084581D /* ViewController.m in Sources */ = {isa = PBXBuildFile; fileRef = 215B1E3F215C6E170084581D /* ViewController.m */; };
		215B1E43215C6E170084581D /* Main.storyboard in Resources */ = {isa = PBXBuildFile; fileRef = 215B1E41215C6E170084581D /* Main.storyboard */; };
		215B1E46215C6E170084581D /* RFAutoLayoutDemo_Masonry_FDTemplateLayoutCell.xcdatamodeld in Sources */ = {isa = PBXBuildFile; fileRef = 215B1E44215C6E170084581D /* RFAutoLayoutDemo_Masonry_FDTemplateLayoutCell.xcdatamodeld */; };
		215B1E48215C6E190084581D /* Assets.xcassets in Resources */ = {isa = PBXBuildFile; fileRef = 215B1E47215C6E190084581D /* Assets.xcassets */; };
		215B1E4B215C6E190084581D /* LaunchScreen.storyboard in Resources */ = {isa = PBXBuildFile; fileRef = 215B1E49215C6E190084581D /* LaunchScreen.storyboard */; };
		215B1E4E215C6E190084581D /* main.m in Sources */ = {isa = PBXBuildFile; fileRef = 215B1E4D215C6E190084581D /* main.m */; };
		215B1E58215C6E190084581D /* RFAutoLayoutDemo_Masonry_FDTemplateLayoutCellTests.m in Sources */ = {isa = PBXBuildFile; fileRef = 215B1E57215C6E190084581D /* RFAutoLayoutDemo_Masonry_FDTemplateLayoutCellTests.m */; };
		215B1E63215C6E190084581D /* RFAutoLayoutDemo_Masonry_FDTemplateLayoutCellUITests.m in Sources */ = {isa = PBXBuildFile; fileRef = 215B1E62215C6E190084581D /* RFAutoLayoutDemo_Masonry_FDTemplateLayoutCellUITests.m */; };
/* End PBXBuildFile section */

/* Begin PBXContainerItemProxy section */
		215B1E54215C6E190084581D /* PBXContainerItemProxy */ = {
			isa = PBXContainerItemProxy;
			containerPortal = 215B1E30215C6E170084581D /* Project object */;
			proxyType = 1;
			remoteGlobalIDString = 215B1E37215C6E170084581D;
			remoteInfo = RFAutoLayoutDemo_Masonry_FDTemplateLayoutCell;
		};
		215B1E5F215C6E190084581D /* PBXContainerItemProxy */ = {
			isa = PBXContainerItemProxy;
			containerPortal = 215B1E30215C6E170084581D /* Project object */;
			proxyType = 1;
			remoteGlobalIDString = 215B1E37215C6E170084581D;
			remoteInfo = RFAutoLayoutDemo_Masonry_FDTemplateLayoutCell;
		};
/* End PBXContainerItemProxy section */

/* Begin PBXFileReference section */
		215B1E38215C6E170084581D /* RFAutoLayoutDemo_Masonry_FDTemplateLayoutCell.app */ = {isa = PBXFileReference; explicitFileType = wrapper.application; includeInIndex = 0; path = RFAutoLayoutDemo_Masonry_FDTemplateLayoutCell.app; sourceTree = BUILT_PRODUCTS_DIR; };
		215B1E3B215C6E170084581D /* AppDelegate.h */ = {isa = PBXFileReference; lastKnownFileType = sourcecode.c.h; path = AppDelegate.h; sourceTree = "<group>"; };
		215B1E3C215C6E170084581D /* AppDelegate.m */ = {isa = PBXFileReference; lastKnownFileType = sourcecode.c.objc; path = AppDelegate.m; sourceTree = "<group>"; };
		215B1E3E215C6E170084581D /* ViewController.h */ = {isa = PBXFileReference; lastKnownFileType = sourcecode.c.h; path = ViewController.h; sourceTree = "<group>"; };
		215B1E3F215C6E170084581D /* ViewController.m */ = {isa = PBXFileReference; lastKnownFileType = sourcecode.c.objc; path = ViewController.m; sourceTree = "<group>"; };
		215B1E42215C6E170084581D /* Base */ = {isa = PBXFileReference; lastKnownFileType = file.storyboard; name = Base; path = Base.lproj/Main.storyboard; sourceTree = "<group>"; };
		215B1E45215C6E170084581D /* RFAutoLayoutDemo_Masonry_FDTemplateLayoutCell.xcdatamodel */ = {isa = PBXFileReference; lastKnownFileType = wrapper.xcdatamodel; path = RFAutoLayoutDemo_Masonry_FDTemplateLayoutCell.xcdatamodel; sourceTree = "<group>"; };
		215B1E47215C6E190084581D /* Assets.xcassets */ = {isa = PBXFileReference; lastKnownFileType = folder.assetcatalog; path = Assets.xcassets; sourceTree = "<group>"; };
		215B1E4A215C6E190084581D /* Base */ = {isa = PBXFileReference; lastKnownFileType = file.storyboard; name = Base; path = Base.lproj/LaunchScreen.storyboard; sourceTree = "<group>"; };
		215B1E4C215C6E190084581D /* Info.plist */ = {isa = PBXFileReference; lastKnownFileType = text.plist.xml; path = Info.plist; sourceTree = "<group>"; };
		215B1E4D215C6E190084581D /* main.m */ = {isa = PBXFileReference; lastKnownFileType = sourcecode.c.objc; path = main.m; sourceTree = "<group>"; };
		215B1E53215C6E190084581D /* RFAutoLayoutDemo_Masonry_FDTemplateLayoutCellTests.xctest */ = {isa = PBXFileReference; explicitFileType = wrapper.cfbundle; includeInIndex = 0; path = RFAutoLayoutDemo_Masonry_FDTemplateLayoutCellTests.xctest; sourceTree = BUILT_PRODUCTS_DIR; };
		215B1E57215C6E190084581D /* RFAutoLayoutDemo_Masonry_FDTemplateLayoutCellTests.m */ = {isa = PBXFileReference; lastKnownFileType = sourcecode.c.objc; path = RFAutoLayoutDemo_Masonry_FDTemplateLayoutCellTests.m; sourceTree = "<group>"; };
		215B1E59215C6E190084581D /* Info.plist */ = {isa = PBXFileReference; lastKnownFileType = text.plist.xml; path = Info.plist; sourceTree = "<group>"; };
		215B1E5E215C6E190084581D /* RFAutoLayoutDemo_Masonry_FDTemplateLayoutCellUITests.xctest */ = {isa = PBXFileReference; explicitFileType = wrapper.cfbundle; includeInIndex = 0; path = RFAutoLayoutDemo_Masonry_FDTemplateLayoutCellUITests.xctest; sourceTree = BUILT_PRODUCTS_DIR; };
		215B1E62215C6E190084581D /* RFAutoLayoutDemo_Masonry_FDTemplateLayoutCellUITests.m */ = {isa = PBXFileReference; lastKnownFileType = sourcecode.c.objc; path = RFAutoLayoutDemo_Masonry_FDTemplateLayoutCellUITests.m; sourceTree = "<group>"; };
		215B1E64215C6E190084581D /* Info.plist */ = {isa = PBXFileReference; lastKnownFileType = text.plist.xml; path = Info.plist; sourceTree = "<group>"; };
/* End PBXFileReference section */

/* Begin PBXFrameworksBuildPhase section */
		215B1E35215C6E170084581D /* Frameworks */ = {
			isa = PBXFrameworksBuildPhase;
			buildActionMask = 2147483647;
			files = (
			);
			runOnlyForDeploymentPostprocessing = 0;
		};
		215B1E50215C6E190084581D /* Frameworks */ = {
			isa = PBXFrameworksBuildPhase;
			buildActionMask = 2147483647;
			files = (
			);
			runOnlyForDeploymentPostprocessing = 0;
		};
		215B1E5B215C6E190084581D /* Frameworks */ = {
			isa = PBXFrameworksBuildPhase;
			buildActionMask = 2147483647;
			files = (
			);
			runOnlyForDeploymentPostprocessing = 0;
		};
/* End PBXFrameworksBuildPhase section */

/* Begin PBXGroup section */
		215B1E2F215C6E170084581D = {
			isa = PBXGroup;
			children = (
				215B1E3A215C6E170084581D /* RFAutoLayoutDemo_Masonry_FDTemplateLayoutCell */,
				215B1E56215C6E190084581D /* RFAutoLayoutDemo_Masonry_FDTemplateLayoutCellTests */,
				215B1E61215C6E190084581D /* RFAutoLayoutDemo_Masonry_FDTemplateLayoutCellUITests */,
				215B1E39215C6E170084581D /* Products */,
			);
			sourceTree = "<group>";
		};
		215B1E39215C6E170084581D /* Products */ = {
			isa = PBXGroup;
			children = (
				215B1E38215C6E170084581D /* RFAutoLayoutDemo_Masonry_FDTemplateLayoutCell.app */,
				215B1E53215C6E190084581D /* RFAutoLayoutDemo_Masonry_FDTemplateLayoutCellTests.xctest */,
				215B1E5E215C6E190084581D /* RFAutoLayoutDemo_Masonry_FDTemplateLayoutCellUITests.xctest */,
			);
			name = Products;
			sourceTree = "<group>";
		};
		215B1E3A215C6E170084581D /* RFAutoLayoutDemo_Masonry_FDTemplateLayoutCell */ = {
			isa = PBXGroup;
			children = (
				215B1E3B215C6E170084581D /* AppDelegate.h */,
				215B1E3C215C6E170084581D /* AppDelegate.m */,
				215B1E3E215C6E170084581D /* ViewController.h */,
				215B1E3F215C6E170084581D /* ViewController.m */,
				215B1E41215C6E170084581D /* Main.storyboard */,
				215B1E47215C6E190084581D /* Assets.xcassets */,
				215B1E49215C6E190084581D /* LaunchScreen.storyboard */,
				215B1E4C215C6E190084581D /* Info.plist */,
				215B1E4D215C6E190084581D /* main.m */,
				215B1E44215C6E170084581D /* RFAutoLayoutDemo_Masonry_FDTemplateLayoutCell.xcdatamodeld */,
			);
			path = RFAutoLayoutDemo_Masonry_FDTemplateLayoutCell;
			sourceTree = "<group>";
		};
		215B1E56215C6E190084581D /* RFAutoLayoutDemo_Masonry_FDTemplateLayoutCellTests */ = {
			isa = PBXGroup;
			children = (
				215B1E57215C6E190084581D /* RFAutoLayoutDemo_Masonry_FDTemplateLayoutCellTests.m */,
				215B1E59215C6E190084581D /* Info.plist */,
			);
			path = RFAutoLayoutDemo_Masonry_FDTemplateLayoutCellTests;
			sourceTree = "<group>";
		};
		215B1E61215C6E190084581D /* RFAutoLayoutDemo_Masonry_FDTemplateLayoutCellUITests */ = {
			isa = PBXGroup;
			children = (
				215B1E62215C6E190084581D /* RFAutoLayoutDemo_Masonry_FDTemplateLayoutCellUITests.m */,
				215B1E64215C6E190084581D /* Info.plist */,
			);
			path = RFAutoLayoutDemo_Masonry_FDTemplateLayoutCellUITests;
			sourceTree = "<group>";
		};
/* End PBXGroup section */

/* Begin PBXNativeTarget section */
		215B1E37215C6E170084581D /* RFAutoLayoutDemo_Masonry_FDTemplateLayoutCell */ = {
			isa = PBXNativeTarget;
			buildConfigurationList = 215B1E67215C6E190084581D /* Build configuration list for PBXNativeTarget "RFAutoLayoutDemo_Masonry_FDTemplateLayoutCell" */;
			buildPhases = (
				215B1E34215C6E170084581D /* Sources */,
				215B1E35215C6E170084581D /* Frameworks */,
				215B1E36215C6E170084581D /* Resources */,
			);
			buildRules = (
			);
			dependencies = (
			);
			name = RFAutoLayoutDemo_Masonry_FDTemplateLayoutCell;
			productName = RFAutoLayoutDemo_Masonry_FDTemplateLayoutCell;
			productReference = 215B1E38215C6E170084581D /* RFAutoLayoutDemo_Masonry_FDTemplateLayoutCell.app */;
			productType = "com.apple.product-type.application";
		};
		215B1E52215C6E190084581D /* RFAutoLayoutDemo_Masonry_FDTemplateLayoutCellTests */ = {
			isa = PBXNativeTarget;
			buildConfigurationList = 215B1E6A215C6E190084581D /* Build configuration list for PBXNativeTarget "RFAutoLayoutDemo_Masonry_FDTemplateLayoutCellTests" */;
			buildPhases = (
				215B1E4F215C6E190084581D /* Sources */,
				215B1E50215C6E190084581D /* Frameworks */,
				215B1E51215C6E190084581D /* Resources */,
			);
			buildRules = (
			);
			dependencies = (
				215B1E55215C6E190084581D /* PBXTargetDependency */,
			);
			name = RFAutoLayoutDemo_Masonry_FDTemplateLayoutCellTests;
			productName = RFAutoLayoutDemo_Masonry_FDTemplateLayoutCellTests;
			productReference = 215B1E53215C6E190084581D /* RFAutoLayoutDemo_Masonry_FDTemplateLayoutCellTests.xctest */;
			productType = "com.apple.product-type.bundle.unit-test";
		};
		215B1E5D215C6E190084581D /* RFAutoLayoutDemo_Masonry_FDTemplateLayoutCellUITests */ = {
			isa = PBXNativeTarget;
			buildConfigurationList = 215B1E6D215C6E190084581D /* Build configuration list for PBXNativeTarget "RFAutoLayoutDemo_Masonry_FDTemplateLayoutCellUITests" */;
			buildPhases = (
				215B1E5A215C6E190084581D /* Sources */,
				215B1E5B215C6E190084581D /* Frameworks */,
				215B1E5C215C6E190084581D /* Resources */,
			);
			buildRules = (
			);
			dependencies = (
				215B1E60215C6E190084581D /* PBXTargetDependency */,
			);
			name = RFAutoLayoutDemo_Masonry_FDTemplateLayoutCellUITests;
			productName = RFAutoLayoutDemo_Masonry_FDTemplateLayoutCellUITests;
			productReference = 215B1E5E215C6E190084581D /* RFAutoLayoutDemo_Masonry_FDTemplateLayoutCellUITests.xctest */;
			productType = "com.apple.product-type.bundle.ui-testing";
		};
/* End PBXNativeTarget section */

/* Begin PBXProject section */
		215B1E30215C6E170084581D /* Project object */ = {
			isa = PBXProject;
			attributes = {
				LastUpgradeCheck = 0940;
				ORGANIZATIONNAME = riceFun;
				TargetAttributes = {
					215B1E37215C6E170084581D = {
						CreatedOnToolsVersion = 9.4.1;
					};
					215B1E52215C6E190084581D = {
						CreatedOnToolsVersion = 9.4.1;
						TestTargetID = 215B1E37215C6E170084581D;
					};
					215B1E5D215C6E190084581D = {
						CreatedOnToolsVersion = 9.4.1;
						TestTargetID = 215B1E37215C6E170084581D;
					};
				};
			};
			buildConfigurationList = 215B1E33215C6E170084581D /* Build configuration list for PBXProject "RFAutoLayoutDemo_Masonry_FDTemplateLayoutCell" */;
			compatibilityVersion = "Xcode 9.3";
			developmentRegion = en;
			hasScannedForEncodings = 0;
			knownRegions = (
				en,
				Base,
			);
			mainGroup = 215B1E2F215C6E170084581D;
			productRefGroup = 215B1E39215C6E170084581D /* Products */;
			projectDirPath = "";
			projectRoot = "";
			targets = (
				215B1E37215C6E170084581D /* RFAutoLayoutDemo_Masonry_FDTemplateLayoutCell */,
				215B1E52215C6E190084581D /* RFAutoLayoutDemo_Masonry_FDTemplateLayoutCellTests */,
				215B1E5D215C6E190084581D /* RFAutoLayoutDemo_Masonry_FDTemplateLayoutCellUITests */,
			);
		};
/* End PBXProject section */

/* Begin PBXResourcesBuildPhase section */
		215B1E36215C6E170084581D /* Resources */ = {
			isa = PBXResourcesBuildPhase;
			buildActionMask = 2147483647;
			files = (
				215B1E4B215C6E190084581D /* LaunchScreen.storyboard in Resources */,
				215B1E48215C6E190084581D /* Assets.xcassets in Resources */,
				215B1E43215C6E170084581D /* Main.storyboard in Resources */,
			);
			runOnlyForDeploymentPostprocessing = 0;
		};
		215B1E51215C6E190084581D /* Resources */ = {
			isa = PBXResourcesBuildPhase;
			buildActionMask = 2147483647;
			files = (
			);
			runOnlyForDeploymentPostprocessing = 0;
		};
		215B1E5C215C6E190084581D /* Resources */ = {
			isa = PBXResourcesBuildPhase;
			buildActionMask = 2147483647;
			files = (
			);
			runOnlyForDeploymentPostprocessing = 0;
		};
/* End PBXResourcesBuildPhase section */

/* Begin PBXSourcesBuildPhase section */
		215B1E34215C6E170084581D /* Sources */ = {
			isa = PBXSourcesBuildPhase;
			buildActionMask = 2147483647;
			files = (
				215B1E46215C6E170084581D /* RFAutoLayoutDemo_Masonry_FDTemplateLayoutCell.xcdatamodeld in Sources */,
				215B1E40215C6E170084581D /* ViewController.m in Sources */,
				215B1E4E215C6E190084581D /* main.m in Sources */,
				215B1E3D215C6E170084581D /* AppDelegate.m in Sources */,
			);
			runOnlyForDeploymentPostprocessing = 0;
		};
		215B1E4F215C6E190084581D /* Sources */ = {
			isa = PBXSourcesBuildPhase;
			buildActionMask = 2147483647;
			files = (
				215B1E58215C6E190084581D /* RFAutoLayoutDemo_Masonry_FDTemplateLayoutCellTests.m in Sources */,
			);
			runOnlyForDeploymentPostprocessing = 0;
		};
		215B1E5A215C6E190084581D /* Sources */ = {
			isa = PBXSourcesBuildPhase;
			buildActionMask = 2147483647;
			files = (
				215B1E63215C6E190084581D /* RFAutoLayoutDemo_Masonry_FDTemplateLayoutCellUITests.m in Sources */,
			);
			runOnlyForDeploymentPostprocessing = 0;
		};
/* End PBXSourcesBuildPhase section */

/* Begin PBXTargetDependency section */
		215B1E55215C6E190084581D /* PBXTargetDependency */ = {
			isa = PBXTargetDependency;
			target = 215B1E37215C6E170084581D /* RFAutoLayoutDemo_Masonry_FDTemplateLayoutCell */;
			targetProxy = 215B1E54215C6E190084581D /* PBXContainerItemProxy */;
		};
		215B1E60215C6E190084581D /* PBXTargetDependency */ = {
			isa = PBXTargetDependency;
			target = 215B1E37215C6E170084581D /* RFAutoLayoutDemo_Masonry_FDTemplateLayoutCell */;
			targetProxy = 215B1E5F215C6E190084581D /* PBXContainerItemProxy */;
		};
/* End PBXTargetDependency section */

/* Begin PBXVariantGroup section */
		215B1E41215C6E170084581D /* Main.storyboard */ = {
			isa = PBXVariantGroup;
			children = (
				215B1E42215C6E170084581D /* Base */,
			);
			name = Main.storyboard;
			sourceTree = "<group>";
		};
		215B1E49215C6E190084581D /* LaunchScreen.storyboard */ = {
			isa = PBXVariantGroup;
			children = (
				215B1E4A215C6E190084581D /* Base */,
			);
			name = LaunchScreen.storyboard;
			sourceTree = "<group>";
		};
/* End PBXVariantGroup section */

/* Begin XCBuildConfiguration section */
		215B1E65215C6E190084581D /* Debug */ = {
			isa = XCBuildConfiguration;
			buildSettings = {
				ALWAYS_SEARCH_USER_PATHS = NO;
				CLANG_ANALYZER_NONNULL = YES;
				CLANG_ANALYZER_NUMBER_OBJECT_CONVERSION = YES_AGGRESSIVE;
				CLANG_CXX_LANGUAGE_STANDARD = "gnu++14";
				CLANG_CXX_LIBRARY = "libc++";
				CLANG_ENABLE_MODULES = YES;
				CLANG_ENABLE_OBJC_ARC = YES;
				CLANG_ENABLE_OBJC_WEAK = YES;
				CLANG_WARN_BLOCK_CAPTURE_AUTORELEASING = YES;
				CLANG_WARN_BOOL_CONVERSION = YES;
				CLANG_WARN_COMMA = YES;
				CLANG_WARN_CONSTANT_CONVERSION = YES;
				CLANG_WARN_DEPRECATED_OBJC_IMPLEMENTATIONS = YES;
				CLANG_WARN_DIRECT_OBJC_ISA_USAGE = YES_ERROR;
				CLANG_WARN_DOCUMENTATION_COMMENTS = YES;
				CLANG_WARN_EMPTY_BODY = YES;
				CLANG_WARN_ENUM_CONVERSION = YES;
				CLANG_WARN_INFINITE_RECURSION = YES;
				CLANG_WARN_INT_CONVERSION = YES;
				CLANG_WARN_NON_LITERAL_NULL_CONVERSION = YES;
				CLANG_WARN_OBJC_IMPLICIT_RETAIN_SELF = YES;
				CLANG_WARN_OBJC_LITERAL_CONVERSION = YES;
				CLANG_WARN_OBJC_ROOT_CLASS = YES_ERROR;
				CLANG_WARN_RANGE_LOOP_ANALYSIS = YES;
				CLANG_WARN_STRICT_PROTOTYPES = YES;
				CLANG_WARN_SUSPICIOUS_MOVE = YES;
				CLANG_WARN_UNGUARDED_AVAILABILITY = YES_AGGRESSIVE;
				CLANG_WARN_UNREACHABLE_CODE = YES;
				CLANG_WARN__DUPLICATE_METHOD_MATCH = YES;
				CODE_SIGN_IDENTITY = "iPhone Developer";
				COPY_PHASE_STRIP = NO;
				DEBUG_INFORMATION_FORMAT = dwarf;
				ENABLE_STRICT_OBJC_MSGSEND = YES;
				ENABLE_TESTABILITY = YES;
				GCC_C_LANGUAGE_STANDARD = gnu11;
				GCC_DYNAMIC_NO_PIC = NO;
				GCC_NO_COMMON_BLOCKS = YES;
				GCC_OPTIMIZATION_LEVEL = 0;
				GCC_PREPROCESSOR_DEFINITIONS = (
					"DEBUG=1",
					"$(inherited)",
				);
				GCC_WARN_64_TO_32_BIT_CONVERSION = YES;
				GCC_WARN_ABOUT_RETURN_TYPE = YES_ERROR;
				GCC_WARN_UNDECLARED_SELECTOR = YES;
				GCC_WARN_UNINITIALIZED_AUTOS = YES_AGGRESSIVE;
				GCC_WARN_UNUSED_FUNCTION = YES;
				GCC_WARN_UNUSED_VARIABLE = YES;
				IPHONEOS_DEPLOYMENT_TARGET = 11.4;
				MTL_ENABLE_DEBUG_INFO = YES;
				ONLY_ACTIVE_ARCH = YES;
				SDKROOT = iphoneos;
			};
			name = Debug;
		};
		215B1E66215C6E190084581D /* Release */ = {
			isa = XCBuildConfiguration;
			buildSettings = {
				ALWAYS_SEARCH_USER_PATHS = NO;
				CLANG_ANALYZER_NONNULL = YES;
				CLANG_ANALYZER_NUMBER_OBJECT_CONVERSION = YES_AGGRESSIVE;
				CLANG_CXX_LANGUAGE_STANDARD = "gnu++14";
				CLANG_CXX_LIBRARY = "libc++";
				CLANG_ENABLE_MODULES = YES;
				CLANG_ENABLE_OBJC_ARC = YES;
				CLANG_ENABLE_OBJC_WEAK = YES;
				CLANG_WARN_BLOCK_CAPTURE_AUTORELEASING = YES;
				CLANG_WARN_BOOL_CONVERSION = YES;
				CLANG_WARN_COMMA = YES;
				CLANG_WARN_CONSTANT_CONVERSION = YES;
				CLANG_WARN_DEPRECATED_OBJC_IMPLEMENTATIONS = YES;
				CLANG_WARN_DIRECT_OBJC_ISA_USAGE = YES_ERROR;
				CLANG_WARN_DOCUMENTATION_COMMENTS = YES;
				CLANG_WARN_EMPTY_BODY = YES;
				CLANG_WARN_ENUM_CONVERSION = YES;
				CLANG_WARN_INFINITE_RECURSION = YES;
				CLANG_WARN_INT_CONVERSION = YES;
				CLANG_WARN_NON_LITERAL_NULL_CONVERSION = YES;
				CLANG_WARN_OBJC_IMPLICIT_RETAIN_SELF = YES;
				CLANG_WARN_OBJC_LITERAL_CONVERSION = YES;
				CLANG_WARN_OBJC_ROOT_CLASS = YES_ERROR;
				CLANG_WARN_RANGE_LOOP_ANALYSIS = YES;
				CLANG_WARN_STRICT_PROTOTYPES = YES;
				CLANG_WARN_SUSPICIOUS_MOVE = YES;
				CLANG_WARN_UNGUARDED_AVAILABILITY = YES_AGGRESSIVE;
				CLANG_WARN_UNREACHABLE_CODE = YES;
				CLANG_WARN__DUPLICATE_METHOD_MATCH = YES;
				CODE_SIGN_IDENTITY = "iPhone Developer";
				COPY_PHASE_STRIP = NO;
				DEBUG_INFORMATION_FORMAT = "dwarf-with-dsym";
				ENABLE_NS_ASSERTIONS = NO;
				ENABLE_STRICT_OBJC_MSGSEND = YES;
				GCC_C_LANGUAGE_STANDARD = gnu11;
				GCC_NO_COMMON_BLOCKS = YES;
				GCC_WARN_64_TO_32_BIT_CONVERSION = YES;
				GCC_WARN_ABOUT_RETURN_TYPE = YES_ERROR;
				GCC_WARN_UNDECLARED_SELECTOR = YES;
				GCC_WARN_UNINITIALIZED_AUTOS = YES_AGGRESSIVE;
				GCC_WARN_UNUSED_FUNCTION = YES;
				GCC_WARN_UNUSED_VARIABLE = YES;
				IPHONEOS_DEPLOYMENT_TARGET = 11.4;
				MTL_ENABLE_DEBUG_INFO = NO;
				SDKROOT = iphoneos;
				VALIDATE_PRODUCT = YES;
			};
			name = Release;
		};
		215B1E68215C6E190084581D /* Debug */ = {
			isa = XCBuildConfiguration;
			buildSettings = {
				ASSETCATALOG_COMPILER_APPICON_NAME = AppIcon;
				CODE_SIGN_STYLE = Automatic;
				INFOPLIST_FILE = RFAutoLayoutDemo_Masonry_FDTemplateLayoutCell/Info.plist;
				LD_RUNPATH_SEARCH_PATHS = (
					"$(inherited)",
					"@executable_path/Frameworks",
				);
				PRODUCT_BUNDLE_IDENTIFIER = "riceFun.RFAutoLayoutDemo-Masonry-FDTemplateLayoutCell";
				PRODUCT_NAME = "$(TARGET_NAME)";
				TARGETED_DEVICE_FAMILY = "1,2";
			};
			name = Debug;
		};
		215B1E69215C6E190084581D /* Release */ = {
			isa = XCBuildConfiguration;
			buildSettings = {
				ASSETCATALOG_COMPILER_APPICON_NAME = AppIcon;
				CODE_SIGN_STYLE = Automatic;
				INFOPLIST_FILE = RFAutoLayoutDemo_Masonry_FDTemplateLayoutCell/Info.plist;
				LD_RUNPATH_SEARCH_PATHS = (
					"$(inherited)",
					"@executable_path/Frameworks",
				);
				PRODUCT_BUNDLE_IDENTIFIER = "riceFun.RFAutoLayoutDemo-Masonry-FDTemplateLayoutCell";
				PRODUCT_NAME = "$(TARGET_NAME)";
				TARGETED_DEVICE_FAMILY = "1,2";
			};
			name = Release;
		};
		215B1E6B215C6E190084581D /* Debug */ = {
			isa = XCBuildConfiguration;
			buildSettings = {
				BUNDLE_LOADER = "$(TEST_HOST)";
				CODE_SIGN_STYLE = Automatic;
				INFOPLIST_FILE = RFAutoLayoutDemo_Masonry_FDTemplateLayoutCellTests/Info.plist;
				LD_RUNPATH_SEARCH_PATHS = (
					"$(inherited)",
					"@executable_path/Frameworks",
					"@loader_path/Frameworks",
				);
				PRODUCT_BUNDLE_IDENTIFIER = "riceFun.RFAutoLayoutDemo-Masonry-FDTemplateLayoutCellTests";
				PRODUCT_NAME = "$(TARGET_NAME)";
				TARGETED_DEVICE_FAMILY = "1,2";
				TEST_HOST = "$(BUILT_PRODUCTS_DIR)/RFAutoLayoutDemo_Masonry_FDTemplateLayoutCell.app/RFAutoLayoutDemo_Masonry_FDTemplateLayoutCell";
			};
			name = Debug;
		};
		215B1E6C215C6E190084581D /* Release */ = {
			isa = XCBuildConfiguration;
			buildSettings = {
				BUNDLE_LOADER = "$(TEST_HOST)";
				CODE_SIGN_STYLE = Automatic;
				INFOPLIST_FILE = RFAutoLayoutDemo_Masonry_FDTemplateLayoutCellTests/Info.plist;
				LD_RUNPATH_SEARCH_PATHS = (
					"$(inherited)",
					"@executable_path/Frameworks",
					"@loader_path/Frameworks",
				);
				PRODUCT_BUNDLE_IDENTIFIER = "riceFun.RFAutoLayoutDemo-Masonry-FDTemplateLayoutCellTests";
				PRODUCT_NAME = "$(TARGET_NAME)";
				TARGETED_DEVICE_FAMILY = "1,2";
				TEST_HOST = "$(BUILT_PRODUCTS_DIR)/RFAutoLayoutDemo_Masonry_FDTemplateLayoutCell.app/RFAutoLayoutDemo_Masonry_FDTemplateLayoutCell";
			};
			name = Release;
		};
		215B1E6E215C6E190084581D /* Debug */ = {
			isa = XCBuildConfiguration;
			buildSettings = {
				CODE_SIGN_STYLE = Automatic;
				INFOPLIST_FILE = RFAutoLayoutDemo_Masonry_FDTemplateLayoutCellUITests/Info.plist;
				LD_RUNPATH_SEARCH_PATHS = (
					"$(inherited)",
					"@executable_path/Frameworks",
					"@loader_path/Frameworks",
				);
				PRODUCT_BUNDLE_IDENTIFIER = "riceFun.RFAutoLayoutDemo-Masonry-FDTemplateLayoutCellUITests";
				PRODUCT_NAME = "$(TARGET_NAME)";
				TARGETED_DEVICE_FAMILY = "1,2";
				TEST_TARGET_NAME = RFAutoLayoutDemo_Masonry_FDTemplateLayoutCell;
			};
			name = Debug;
		};
		215B1E6F215C6E190084581D /* Release */ = {
			isa = XCBuildConfiguration;
			buildSettings = {
				CODE_SIGN_STYLE = Automatic;
				INFOPLIST_FILE = RFAutoLayoutDemo_Masonry_FDTemplateLayoutCellUITests/Info.plist;
				LD_RUNPATH_SEARCH_PATHS = (
					"$(inherited)",
					"@executable_path/Frameworks",
					"@loader_path/Frameworks",
				);
				PRODUCT_BUNDLE_IDENTIFIER = "riceFun.RFAutoLayoutDemo-Masonry-FDTemplateLayoutCellUITests";
				PRODUCT_NAME = "$(TARGET_NAME)";
				TARGETED_DEVICE_FAMILY = "1,2";
				TEST_TARGET_NAME = RFAutoLayoutDemo_Masonry_FDTemplateLayoutCell;
			};
			name = Release;
		};
/* End XCBuildConfiguration section */

/* Begin XCConfigurationList section */
		215B1E33215C6E170084581D /* Build configuration list for PBXProject "RFAutoLayoutDemo_Masonry_FDTemplateLayoutCell" */ = {
			isa = XCConfigurationList;
			buildConfigurations = (
				215B1E65215C6E190084581D /* Debug */,
				215B1E66215C6E190084581D /* Release */,
			);
			defaultConfigurationIsVisible = 0;
			defaultConfigurationName = Release;
		};
		215B1E67215C6E190084581D /* Build configuration list for PBXNativeTarget "RFAutoLayoutDemo_Masonry_FDTemplateLayoutCell" */ = {
			isa = XCConfigurationList;
			buildConfigurations = (
				215B1E68215C6E190084581D /* Debug */,
				215B1E69215C6E190084581D /* Release */,
			);
			defaultConfigurationIsVisible = 0;
			defaultConfigurationName = Release;
		};
		215B1E6A215C6E190084581D /* Build configuration list for PBXNativeTarget "RFAutoLayoutDemo_Masonry_FDTemplateLayoutCellTests" */ = {
			isa = XCConfigurationList;
			buildConfigurations = (
				215B1E6B215C6E190084581D /* Debug */,
				215B1E6C215C6E190084581D /* Release */,
			);
			defaultConfigurationIsVisible = 0;
			defaultConfigurationName = Release;
		};
		215B1E6D215C6E190084581D /* Build configuration list for PBXNativeTarget "RFAutoLayoutDemo_Masonry_FDTemplateLayoutCellUITests" */ = {
			isa = XCConfigurationList;
			buildConfigurations = (
				215B1E6E215C6E190084581D /* Debug */,
				215B1E6F215C6E190084581D /* Release */,
			);
			defaultConfigurationIsVisible = 0;
			defaultConfigurationName = Release;
		};
/* End XCConfigurationList section */

/* Begin XCVersionGroup section */
		215B1E44215C6E170084581D /* RFAutoLayoutDemo_Masonry_FDTemplateLayoutCell.xcdatamodeld */ = {
			isa = XCVersionGroup;
			children = (
				215B1E45215C6E170084581D /* RFAutoLayoutDemo_Masonry_FDTemplateLayoutCell.xcdatamodel */,
			);
			currentVersion = 215B1E45215C6E170084581D /* RFAutoLayoutDemo_Masonry_FDTemplateLayoutCell.xcdatamodel */;
			path = RFAutoLayoutDemo_Masonry_FDTemplateLayoutCell.xcdatamodeld;
			sourceTree = "<group>";
			versionGroupType = wrapper.xcdatamodel;
		};
/* End XCVersionGroup section */
	};
	rootObject = 215B1E30215C6E170084581D /* Project object */;
}
