// !$*UTF8*$!
{
	archiveVersion = 1;
	classes = {
	};
	objectVersion = 50;
	objects = {

/* Begin PBXBuildFile section */
		215B1E3D215C6E170084581D /* AppDelegate.m in Sources */ = {isa = PBXBuildFile; fileRef = 215B1E3C215C6E170084581D /* AppDelegate.m */; };
		215B1E40215C6E170084581D /* ViewController.m in Sources */ = {isa = PBXBuildFile; fileRef = 215B1E3F215C6E170084581D /* ViewController.m */; };
		215B1E43215C6E170084581D /* Main.storyboard in Resources */ = {isa = PBXBuildFile; fileRef = 215B1E41215C6E170084581D /* Main.storyboard */; };
		215B1E46215C6E170084581D /* RFAutoLayoutDemo_Masonry_FDTemplateLayoutCell.xcdatamodeld in Sources */ = {isa = PBXBuildFile; fileRef = 215B1E44215C6E170084581D /* RFAutoLayoutDemo_Masonry_FDTemplateLayoutCell.xcdatamodeld */; };
		215B1E48215C6E190084581D /* Assets.xcassets in Resources */ = {isa = PBXBuildFile; fileRef = 215B1E47215C6E190084581D /* Assets.xcassets */; };
		215B1E4B215C6E190084581D /* LaunchScreen.storyboard in Resources */ = {isa = PBXBuildFile; fileRef = 215B1E49215C6E190084581D /* LaunchScreen.storyboard */; };
		215B1E4E215C6E190084581D /* main.m in Sources */ = {isa = PBXBuildFile; fileRef = 215B1E4D215C6E190084581D /* main.m */; };
		215B1E58215C6E190084581D /* RFAutoLayoutDemo_Masonry_FDTemplateLayoutCellTests.m in Sources */ = {isa = PBXBuildFile; fileRef = 215B1E57215C6E190084581D /* RFAutoLayoutDemo_Masonry_FDTemplateLayoutCellTests.m */; };
		215B1E63215C6E190084581D /* RFAutoLayoutDemo_Masonry_FDTemplateLayoutCellUITests.m in Sources */ = {isa = PBXBuildFile; fileRef = 215B1E62215C6E190084581D /* RFAutoLayoutDemo_Masonry_FDTemplateLayoutCellUITests.m */; };
		215B1E72215C6FFC0084581D /* RFMonentCell.m in Sources */ = {isa = PBXBuildFile; fileRef = 215B1E71215C6FFC0084581D /* RFMonentCell.m */; };
		215B1E76215C782B0084581D /* data.json in Resources */ = {isa = PBXBuildFile; fileRef = 215B1E75215C782B0084581D /* data.json */; };
		215B1E79215C784A0084581D /* MonentModel.m in Sources */ = {isa = PBXBuildFile; fileRef = 215B1E78215C784A0084581D /* MonentModel.m */; };
		215B1E7E215CBA4B0084581D /* YYFPSLabel.m in Sources */ = {isa = PBXBuildFile; fileRef = 215B1E7C215CBA4B0084581D /* YYFPSLabel.m */; };
		419D0F4EF877BEE44776E600 /* libPods-RFAutoLayoutDemo_Masonry_FDTemplateLayoutCellUITests.a in Frameworks */ = {isa = PBXBuildFile; fileRef = 3C40768A4125A78F6A581DBC /* libPods-RFAutoLayoutDemo_Masonry_FDTemplateLayoutCellUITests.a */; };
		4F2B4725C23E23DD5214D701 /* libPods-RFAutoLayoutDemo_Masonry_FDTemplateLayoutCell.a in Frameworks */ = {isa = PBXBuildFile; fileRef = 52EF9CAECAC3900C6D8B158C /* libPods-RFAutoLayoutDemo_Masonry_FDTemplateLayoutCell.a */; };
		98B8F30CDC36BC8352EFCC62 /* libPods-RFAutoLayoutDemo_Masonry_FDTemplateLayoutCellTests.a in Frameworks */ = {isa = PBXBuildFile; fileRef = D566AE543EA17E551E991C65 /* libPods-RFAutoLayoutDemo_Masonry_FDTemplateLayoutCellTests.a */; };
/* End PBXBuildFile section */

/* Begin PBXContainerItemProxy section */
		215B1E54215C6E190084581D /* PBXContainerItemProxy */ = {
			isa = PBXContainerItemProxy;
			containerPortal = 215B1E30215C6E170084581D /* Project object */;
			proxyType = 1;
			remoteGlobalIDString = 215B1E37215C6E170084581D;
			remoteInfo = RFAutoLayoutDemo_Masonry_FDTemplateLayoutCell;
		};
		215B1E5F215C6E190084581D /* PBXContainerItemProxy */ = {
			isa = PBXContainerItemProxy;
			containerPortal = 215B1E30215C6E170084581D /* Project object */;
			proxyType = 1;
			remoteGlobalIDString = 215B1E37215C6E170084581D;
			remoteInfo = RFAutoLayoutDemo_Masonry_FDTemplateLayoutCell;
		};
/* End PBXContainerItemProxy section */

/* Begin PBXFileReference section */
		1F3F8AC99F68A2DB4F95F8C0 /* Pods-RFAutoLayoutDemo_Masonry_FDTemplateLayoutCellUITests.debug.xcconfig */ = {isa = PBXFileReference; includeInIndex = 1; lastKnownFileType = text.xcconfig; name = "Pods-RFAutoLayoutDemo_Masonry_FDTemplateLayoutCellUITests.debug.xcconfig"; path = "Pods/Target Support Files/Pods-RFAutoLayoutDemo_Masonry_FDTemplateLayoutCellUITests/Pods-RFAutoLayoutDemo_Masonry_FDTemplateLayoutCellUITests.debug.xcconfig"; sourceTree = "<group>"; };
		215B1E38215C6E170084581D /* RFAutoLayoutDemo_Masonry_FDTemplateLayoutCell.app */ = {isa = PBXFileReference; explicitFileType = wrapper.application; includeInIndex = 0; path = RFAutoLayoutDemo_Masonry_FDTemplateLayoutCell.app; sourceTree = BUILT_PRODUCTS_DIR; };
		215B1E3B215C6E170084581D /* AppDelegate.h */ = {isa = PBXFileReference; lastKnownFileType = sourcecode.c.h; path = AppDelegate.h; sourceTree = "<group>"; };
		215B1E3C215C6E170084581D /* AppDelegate.m */ = {isa = PBXFileReference; lastKnownFileType = sourcecode.c.objc; path = AppDelegate.m; sourceTree = "<group>"; };
		215B1E3E215C6E170084581D /* ViewController.h */ = {isa = PBXFileReference; lastKnownFileType = sourcecode.c.h; path = ViewController.h; sourceTree = "<group>"; };
		215B1E3F215C6E170084581D /* ViewController.m */ = {isa = PBXFileReference; lastKnownFileType = sourcecode.c.objc; path = ViewController.m; sourceTree = "<group>"; };
		215B1E42215C6E170084581D /* Base */ = {isa = PBXFileReference; lastKnownFileType = file.storyboard; name = Base; path = Base.lproj/Main.storyboard; sourceTree = "<group>"; };
		215B1E45215C6E170084581D /* RFAutoLayoutDemo_Masonry_FDTemplateLayoutCell.xcdatamodel */ = {isa = PBXFileReference; lastKnownFileType = wrapper.xcdatamodel; path = RFAutoLayoutDemo_Masonry_FDTemplateLayoutCell.xcdatamodel; sourceTree = "<group>"; };
		215B1E47215C6E190084581D /* Assets.xcassets */ = {isa = PBXFileReference; lastKnownFileType = folder.assetcatalog; path = Assets.xcassets; sourceTree = "<group>"; };
		215B1E4A215C6E190084581D /* Base */ = {isa = PBXFileReference; lastKnownFileType = file.storyboard; name = Base; path = Base.lproj/LaunchScreen.storyboard; sourceTree = "<group>"; };
		215B1E4C215C6E190084581D /* Info.plist */ = {isa = PBXFileReference; lastKnownFileType = text.plist.xml; path = Info.plist; sourceTree = "<group>"; };
		215B1E4D215C6E190084581D /* main.m */ = {isa = PBXFileReference; lastKnownFileType = sourcecode.c.objc; path = main.m; sourceTree = "<group>"; };
		215B1E53215C6E190084581D /* RFAutoLayoutDemo_Masonry_FDTemplateLayoutCellTests.xctest */ = {isa = PBXFileReference; explicitFileType = wrapper.cfbundle; includeInIndex = 0; path = RFAutoLayoutDemo_Masonry_FDTemplateLayoutCellTests.xctest; sourceTree = BUILT_PRODUCTS_DIR; };
		215B1E57215C6E190084581D /* RFAutoLayoutDemo_Masonry_FDTemplateLayoutCellTests.m */ = {isa = PBXFileReference; lastKnownFileType = sourcecode.c.objc; path = RFAutoLayoutDemo_Masonry_FDTemplateLayoutCellTests.m; sourceTree = "<group>"; };
		215B1E59215C6E190084581D /* Info.plist */ = {isa = PBXFileReference; lastKnownFileType = text.plist.xml; path = Info.plist; sourceTree = "<group>"; };
		215B1E5E215C6E190084581D /* RFAutoLayoutDemo_Masonry_FDTemplateLayoutCellUITests.xctest */ = {isa = PBXFileReference; explicitFileType = wrapper.cfbundle; includeInIndex = 0; path = RFAutoLayoutDemo_Masonry_FDTemplateLayoutCellUITests.xctest; sourceTree = BUILT_PRODUCTS_DIR; };
		215B1E62215C6E190084581D /* RFAutoLayoutDemo_Masonry_FDTemplateLayoutCellUITests.m */ = {isa = PBXFileReference; lastKnownFileType = sourcecode.c.objc; path = RFAutoLayoutDemo_Masonry_FDTemplateLayoutCellUITests.m; sourceTree = "<group>"; };
		215B1E64215C6E190084581D /* Info.plist */ = {isa = PBXFileReference; lastKnownFileType = text.plist.xml; path = Info.plist; sourceTree = "<group>"; };
		215B1E70215C6FFC0084581D /* RFMonentCell.h */ = {isa = PBXFileReference; lastKnownFileType = sourcecode.c.h; path = RFMonentCell.h; sourceTree = "<group>"; };
		215B1E71215C6FFC0084581D /* RFMonentCell.m */ = {isa = PBXFileReference; lastKnownFileType = sourcecode.c.objc; path = RFMonentCell.m; sourceTree = "<group>"; };
		215B1E73215C71DB0084581D /* PrefixHeader.pch */ = {isa = PBXFileReference; lastKnownFileType = sourcecode.c.h; path = PrefixHeader.pch; sourceTree = "<group>"; };
		215B1E74215C737A0084581D /* RFBaseMacroHeader.h */ = {isa = PBXFileReference; fileEncoding = 4; lastKnownFileType = sourcecode.c.h; path = RFBaseMacroHeader.h; sourceTree = "<group>"; };
		215B1E75215C782B0084581D /* data.json */ = {isa = PBXFileReference; fileEncoding = 4; lastKnownFileType = text.json; path = data.json; sourceTree = "<group>"; };
		215B1E77215C784A0084581D /* MonentModel.h */ = {isa = PBXFileReference; lastKnownFileType = sourcecode.c.h; path = MonentModel.h; sourceTree = "<group>"; };
		215B1E78215C784A0084581D /* MonentModel.m */ = {isa = PBXFileReference; lastKnownFileType = sourcecode.c.objc; path = MonentModel.m; sourceTree = "<group>"; };
		215B1E7C215CBA4B0084581D /* YYFPSLabel.m */ = {isa = PBXFileReference; fileEncoding = 4; lastKnownFileType = sourcecode.c.objc; path = YYFPSLabel.m; sourceTree = "<group>"; };
		215B1E7D215CBA4B0084581D /* YYFPSLabel.h */ = {isa = PBXFileReference; fileEncoding = 4; lastKnownFileType = sourcecode.c.h; path = YYFPSLabel.h; sourceTree = "<group>"; };
		3ABEFAC97765BE27C8819760 /* Pods-RFAutoLayoutDemo_Masonry_FDTemplateLayoutCell.debug.xcconfig */ = {isa = PBXFileReference; includeInIndex = 1; lastKnownFileType = text.xcconfig; name = "Pods-RFAutoLayoutDemo_Masonry_FDTemplateLayoutCell.debug.xcconfig"; path = "Pods/Target Support Files/Pods-RFAutoLayoutDemo_Masonry_FDTemplateLayoutCell/Pods-RFAutoLayoutDemo_Masonry_FDTemplateLayoutCell.debug.xcconfig"; sourceTree = "<group>"; };
		3C40768A4125A78F6A581DBC /* libPods-RFAutoLayoutDemo_Masonry_FDTemplateLayoutCellUITests.a */ = {isa = PBXFileReference; explicitFileType = archive.ar; includeInIndex = 0; path = "libPods-RFAutoLayoutDemo_Masonry_FDTemplateLayoutCellUITests.a"; sourceTree = BUILT_PRODUCTS_DIR; };
		3D5819F0EA27E586920A2039 /* Pods-RFAutoLayoutDemo_Masonry_FDTemplateLayoutCellTests.release.xcconfig */ = {isa = PBXFileReference; includeInIndex = 1; lastKnownFileType = text.xcconfig; name = "Pods-RFAutoLayoutDemo_Masonry_FDTemplateLayoutCellTests.release.xcconfig"; path = "Pods/Target Support Files/Pods-RFAutoLayoutDemo_Masonry_FDTemplateLayoutCellTests/Pods-RFAutoLayoutDemo_Masonry_FDTemplateLayoutCellTests.release.xcconfig"; sourceTree = "<group>"; };
		52EF9CAECAC3900C6D8B158C /* libPods-RFAutoLayoutDemo_Masonry_FDTemplateLayoutCell.a */ = {isa = PBXFileReference; explicitFileType = archive.ar; includeInIndex = 0; path = "libPods-RFAutoLayoutDemo_Masonry_FDTemplateLayoutCell.a"; sourceTree = BUILT_PRODUCTS_DIR; };
		61258F642F917779448EA98D /* Pods-RFAutoLayoutDemo_Masonry_FDTemplateLayoutCell.release.xcconfig */ = {isa = PBXFileReference; includeInIndex = 1; lastKnownFileType = text.xcconfig; name = "Pods-RFAutoLayoutDemo_Masonry_FDTemplateLayoutCell.release.xcconfig"; path = "Pods/Target Support Files/Pods-RFAutoLayoutDemo_Masonry_FDTemplateLayoutCell/Pods-RFAutoLayoutDemo_Masonry_FDTemplateLayoutCell.release.xcconfig"; sourceTree = "<group>"; };
		8F3011DFB1735A6CB81E3D2C /* Pods-RFAutoLayoutDemo_Masonry_FDTemplateLayoutCellUITests.release.xcconfig */ = {isa = PBXFileReference; includeInIndex = 1; lastKnownFileType = text.xcconfig; name = "Pods-RFAutoLayoutDemo_Masonry_FDTemplateLayoutCellUITests.release.xcconfig"; path = "Pods/Target Support Files/Pods-RFAutoLayoutDemo_Masonry_FDTemplateLayoutCellUITests/Pods-RFAutoLayoutDemo_Masonry_FDTemplateLayoutCellUITests.release.xcconfig"; sourceTree = "<group>"; };
		D566AE543EA17E551E991C65 /* libPods-RFAutoLayoutDemo_Masonry_FDTemplateLayoutCellTests.a */ = {isa = PBXFileReference; explicitFileType = archive.ar; includeInIndex = 0; path = "libPods-RFAutoLayoutDemo_Masonry_FDTemplateLayoutCellTests.a"; sourceTree = BUILT_PRODUCTS_DIR; };
		F6B26AFED0494CAA9B0648BD /* Pods-RFAutoLayoutDemo_Masonry_FDTemplateLayoutCellTests.debug.xcconfig */ = {isa = PBXFileReference; includeInIndex = 1; lastKnownFileType = text.xcconfig; name = "Pods-RFAutoLayoutDemo_Masonry_FDTemplateLayoutCellTests.debug.xcconfig"; path = "Pods/Target Support Files/Pods-RFAutoLayoutDemo_Masonry_FDTemplateLayoutCellTests/Pods-RFAutoLayoutDemo_Masonry_FDTemplateLayoutCellTests.debug.xcconfig"; sourceTree = "<group>"; };
/* End PBXFileReference section */

/* Begin PBXFrameworksBuildPhase section */
		215B1E35215C6E170084581D /* Frameworks */ = {
			isa = PBXFrameworksBuildPhase;
			buildActionMask = 2147483647;
			files = (
				4F2B4725C23E23DD5214D701 /* libPods-RFAutoLayoutDemo_Masonry_FDTemplateLayoutCell.a in Frameworks */,
			);
			runOnlyForDeploymentPostprocessing = 0;
		};
		215B1E50215C6E190084581D /* Frameworks */ = {
			isa = PBXFrameworksBuildPhase;
			buildActionMask = 2147483647;
			files = (
				98B8F30CDC36BC8352EFCC62 /* libPods-RFAutoLayoutDemo_Masonry_FDTemplateLayoutCellTests.a in Frameworks */,
			);
			runOnlyForDeploymentPostprocessing = 0;
		};
		215B1E5B215C6E190084581D /* Frameworks */ = {
			isa = PBXFrameworksBuildPhase;
			buildActionMask = 2147483647;
			files = (
				419D0F4EF877BEE44776E600 /* libPods-RFAutoLayoutDemo_Masonry_FDTemplateLayoutCellUITests.a in Frameworks */,
			);
			runOnlyForDeploymentPostprocessing = 0;
		};
/* End PBXFrameworksBuildPhase section */

/* Begin PBXGroup section */
		215B1E2F215C6E170084581D = {
			isa = PBXGroup;
			children = (
				215B1E3A215C6E170084581D /* RFAutoLayoutDemo_Masonry_FDTemplateLayoutCell */,
				215B1E7B215CBA3E0084581D /* Other */,
				215B1E56215C6E190084581D /* RFAutoLayoutDemo_Masonry_FDTemplateLayoutCellTests */,
				215B1E61215C6E190084581D /* RFAutoLayoutDemo_Masonry_FDTemplateLayoutCellUITests */,
				215B1E39215C6E170084581D /* Products */,
				8B188871FC1817434E4A0EFD /* Pods */,
				5DDCA68F374716601058556B /* Frameworks */,
			);
			sourceTree = "<group>";
		};
		215B1E39215C6E170084581D /* Products */ = {
			isa = PBXGroup;
			children = (
				215B1E38215C6E170084581D /* RFAutoLayoutDemo_Masonry_FDTemplateLayoutCell.app */,
				215B1E53215C6E190084581D /* RFAutoLayoutDemo_Masonry_FDTemplateLayoutCellTests.xctest */,
				215B1E5E215C6E190084581D /* RFAutoLayoutDemo_Masonry_FDTemplateLayoutCellUITests.xctest */,
			);
			name = Products;
			sourceTree = "<group>";
		};
		215B1E3A215C6E170084581D /* RFAutoLayoutDemo_Masonry_FDTemplateLayoutCell */ = {
			isa = PBXGroup;
			children = (
				215B1E7A215CBA140084581D /* AppEntry */,
				215B1E3E215C6E170084581D /* ViewController.h */,
				215B1E3F215C6E170084581D /* ViewController.m */,
				215B1E70215C6FFC0084581D /* RFMonentCell.h */,
				215B1E71215C6FFC0084581D /* RFMonentCell.m */,
				215B1E77215C784A0084581D /* MonentModel.h */,
				215B1E78215C784A0084581D /* MonentModel.m */,
				215B1E75215C782B0084581D /* data.json */,
			);
			path = RFAutoLayoutDemo_Masonry_FDTemplateLayoutCell;
			sourceTree = "<group>";
		};
		215B1E56215C6E190084581D /* RFAutoLayoutDemo_Masonry_FDTemplateLayoutCellTests */ = {
			isa = PBXGroup;
			children = (
				215B1E57215C6E190084581D /* RFAutoLayoutDemo_Masonry_FDTemplateLayoutCellTests.m */,
				215B1E59215C6E190084581D /* Info.plist */,
			);
			path = RFAutoLayoutDemo_Masonry_FDTemplateLayoutCellTests;
			sourceTree = "<group>";
		};
		215B1E61215C6E190084581D /* RFAutoLayoutDemo_Masonry_FDTemplateLayoutCellUITests */ = {
			isa = PBXGroup;
			children = (
				215B1E62215C6E190084581D /* RFAutoLayoutDemo_Masonry_FDTemplateLayoutCellUITests.m */,
				215B1E64215C6E190084581D /* Info.plist */,
			);
			path = RFAutoLayoutDemo_Masonry_FDTemplateLayoutCellUITests;
			sourceTree = "<group>";
		};
		215B1E7A215CBA140084581D /* AppEntry */ = {
			isa = PBXGroup;
			children = (
				215B1E3B215C6E170084581D /* AppDelegate.h */,
				215B1E3C215C6E170084581D /* AppDelegate.m */,
				215B1E74215C737A0084581D /* RFBaseMacroHeader.h */,
				215B1E73215C71DB0084581D /* PrefixHeader.pch */,
				215B1E41215C6E170084581D /* Main.storyboard */,
				215B1E47215C6E190084581D /* Assets.xcassets */,
				215B1E49215C6E190084581D /* LaunchScreen.storyboard */,
				215B1E4C215C6E190084581D /* Info.plist */,
				215B1E4D215C6E190084581D /* main.m */,
				215B1E44215C6E170084581D /* RFAutoLayoutDemo_Masonry_FDTemplateLayoutCell.xcdatamodeld */,
			);
			path = AppEntry;
			sourceTree = "<group>";
		};
		215B1E7B215CBA3E0084581D /* Other */ = {
			isa = PBXGroup;
			children = (
				215B1E7D215CBA4B0084581D /* YYFPSLabel.h */,
				215B1E7C215CBA4B0084581D /* YYFPSLabel.m */,
			);
			path = Other;
			sourceTree = "<group>";
		};
		5DDCA68F374716601058556B /* Frameworks */ = {
			isa = PBXGroup;
			children = (
				52EF9CAECAC3900C6D8B158C /* libPods-RFAutoLayoutDemo_Masonry_FDTemplateLayoutCell.a */,
				D566AE543EA17E551E991C65 /* libPods-RFAutoLayoutDemo_Masonry_FDTemplateLayoutCellTests.a */,
				3C40768A4125A78F6A581DBC /* libPods-RFAutoLayoutDemo_Masonry_FDTemplateLayoutCellUITests.a */,
			);
			name = Frameworks;
			sourceTree = "<group>";
		};
		8B188871FC1817434E4A0EFD /* Pods */ = {
			isa = PBXGroup;
			children = (
				3ABEFAC97765BE27C8819760 /* Pods-RFAutoLayoutDemo_Masonry_FDTemplateLayoutCell.debug.xcconfig */,
				61258F642F917779448EA98D /* Pods-RFAutoLayoutDemo_Masonry_FDTemplateLayoutCell.release.xcconfig */,
				F6B26AFED0494CAA9B0648BD /* Pods-RFAutoLayoutDemo_Masonry_FDTemplateLayoutCellTests.debug.xcconfig */,
				3D5819F0EA27E586920A2039 /* Pods-RFAutoLayoutDemo_Masonry_FDTemplateLayoutCellTests.release.xcconfig */,
				1F3F8AC99F68A2DB4F95F8C0 /* Pods-RFAutoLayoutDemo_Masonry_FDTemplateLayoutCellUITests.debug.xcconfig */,
				8F3011DFB1735A6CB81E3D2C /* Pods-RFAutoLayoutDemo_Masonry_FDTemplateLayoutCellUITests.release.xcconfig */,
			);
			name = Pods;
			sourceTree = "<group>";
		};
/* End PBXGroup section */

/* Begin PBXNativeTarget section */
		215B1E37215C6E170084581D /* RFAutoLayoutDemo_Masonry_FDTemplateLayoutCell */ = {
			isa = PBXNativeTarget;
			buildConfigurationList = 215B1E67215C6E190084581D /* Build configuration list for PBXNativeTarget "RFAutoLayoutDemo_Masonry_FDTemplateLayoutCell" */;
			buildPhases = (
				75D58F7869624341AF0F69A3 /* [CP] Check Pods Manifest.lock */,
				215B1E34215C6E170084581D /* Sources */,
				215B1E35215C6E170084581D /* Frameworks */,
				215B1E36215C6E170084581D /* Resources */,
			);
			buildRules = (
			);
			dependencies = (
			);
			name = RFAutoLayoutDemo_Masonry_FDTemplateLayoutCell;
			productName = RFAutoLayoutDemo_Masonry_FDTemplateLayoutCell;
			productReference = 215B1E38215C6E170084581D /* RFAutoLayoutDemo_Masonry_FDTemplateLayoutCell.app */;
			productType = "com.apple.product-type.application";
		};
		215B1E52215C6E190084581D /* RFAutoLayoutDemo_Masonry_FDTemplateLayoutCellTests */ = {
			isa = PBXNativeTarget;
			buildConfigurationList = 215B1E6A215C6E190084581D /* Build configuration list for PBXNativeTarget "RFAutoLayoutDemo_Masonry_FDTemplateLayoutCellTests" */;
			buildPhases = (
				B73991ADCB5D48115F6E0026 /* [CP] Check Pods Manifest.lock */,
				215B1E4F215C6E190084581D /* Sources */,
				215B1E50215C6E190084581D /* Frameworks */,
				215B1E51215C6E190084581D /* Resources */,
			);
			buildRules = (
			);
			dependencies = (
				215B1E55215C6E190084581D /* PBXTargetDependency */,
			);
			name = RFAutoLayoutDemo_Masonry_FDTemplateLayoutCellTests;
			productName = RFAutoLayoutDemo_Masonry_FDTemplateLayoutCellTests;
			productReference = 215B1E53215C6E190084581D /* RFAutoLayoutDemo_Masonry_FDTemplateLayoutCellTests.xctest */;
			productType = "com.apple.product-type.bundle.unit-test";
		};
		215B1E5D215C6E190084581D /* RFAutoLayoutDemo_Masonry_FDTemplateLayoutCellUITests */ = {
			isa = PBXNativeTarget;
			buildConfigurationList = 215B1E6D215C6E190084581D /* Build configuration list for PBXNativeTarget "RFAutoLayoutDemo_Masonry_FDTemplateLayoutCellUITests" */;
			buildPhases = (
				26FB7B4C8BD752F5C8EA52D6 /* [CP] Check Pods Manifest.lock */,
				215B1E5A215C6E190084581D /* Sources */,
				215B1E5B215C6E190084581D /* Frameworks */,
				215B1E5C215C6E190084581D /* Resources */,
			);
			buildRules = (
			);
			dependencies = (
				215B1E60215C6E190084581D /* PBXTargetDependency */,
			);
			name = RFAutoLayoutDemo_Masonry_FDTemplateLayoutCellUITests;
			productName = RFAutoLayoutDemo_Masonry_FDTemplateLayoutCellUITests;
			productReference = 215B1E5E215C6E190084581D /* RFAutoLayoutDemo_Masonry_FDTemplateLayoutCellUITests.xctest */;
			productType = "com.apple.product-type.bundle.ui-testing";
		};
/* End PBXNativeTarget section */

/* Begin PBXProject section */
		215B1E30215C6E170084581D /* Project object */ = {
			isa = PBXProject;
			attributes = {
				LastUpgradeCheck = 0940;
				ORGANIZATIONNAME = riceFun;
				TargetAttributes = {
					215B1E37215C6E170084581D = {
						CreatedOnToolsVersion = 9.4.1;
					};
					215B1E52215C6E190084581D = {
						CreatedOnToolsVersion = 9.4.1;
						TestTargetID = 215B1E37215C6E170084581D;
					};
					215B1E5D215C6E190084581D = {
						CreatedOnToolsVersion = 9.4.1;
						TestTargetID = 215B1E37215C6E170084581D;
					};
				};
			};
			buildConfigurationList = 215B1E33215C6E170084581D /* Build configuration list for PBXProject "RFAutoLayoutDemo_Masonry_FDTemplateLayoutCell" */;
			compatibilityVersion = "Xcode 9.3";
			developmentRegion = en;
			hasScannedForEncodings = 0;
			knownRegions = (
				en,
				Base,
			);
			mainGroup = 215B1E2F215C6E170084581D;
			productRefGroup = 215B1E39215C6E170084581D /* Products */;
			projectDirPath = "";
			projectRoot = "";
			targets = (
				215B1E37215C6E170084581D /* RFAutoLayoutDemo_Masonry_FDTemplateLayoutCell */,
				215B1E52215C6E190084581D /* RFAutoLayoutDemo_Masonry_FDTemplateLayoutCellTests */,
				215B1E5D215C6E190084581D /* RFAutoLayoutDemo_Masonry_FDTemplateLayoutCellUITests */,
			);
		};
/* End PBXProject section */

/* Begin PBXResourcesBuildPhase section */
		215B1E36215C6E170084581D /* Resources */ = {
			isa = PBXResourcesBuildPhase;
			buildActionMask = 2147483647;
			files = (
				215B1E4B215C6E190084581D /* LaunchScreen.storyboard in Resources */,
				215B1E48215C6E190084581D /* Assets.xcassets in Resources */,
				215B1E43215C6E170084581D /* Main.storyboard in Resources */,
				215B1E76215C782B0084581D /* data.json in Resources */,
			);
			runOnlyForDeploymentPostprocessing = 0;
		};
		215B1E51215C6E190084581D /* Resources */ = {
			isa = PBXResourcesBuildPhase;
			buildActionMask = 2147483647;
			files = (
			);
			runOnlyForDeploymentPostprocessing = 0;
		};
		215B1E5C215C6E190084581D /* Resources */ = {
			isa = PBXResourcesBuildPhase;
			buildActionMask = 2147483647;
			files = (
			);
			runOnlyForDeploymentPostprocessing = 0;
		};
/* End PBXResourcesBuildPhase section */

/* Begin PBXShellScriptBuildPhase section */
		26FB7B4C8BD752F5C8EA52D6 /* [CP] Check Pods Manifest.lock */ = {
			isa = PBXShellScriptBuildPhase;
			buildActionMask = 2147483647;
			files = (
			);
			inputPaths = (
				"${PODS_PODFILE_DIR_PATH}/Podfile.lock",
				"${PODS_ROOT}/Manifest.lock",
			);
			name = "[CP] Check Pods Manifest.lock";
			outputPaths = (
				"$(DERIVED_FILE_DIR)/Pods-RFAutoLayoutDemo_Masonry_FDTemplateLayoutCellUITests-checkManifestLockResult.txt",
			);
			runOnlyForDeploymentPostprocessing = 0;
			shellPath = /bin/sh;
			shellScript = "diff \"${PODS_PODFILE_DIR_PATH}/Podfile.lock\" \"${PODS_ROOT}/Manifest.lock\" > /dev/null\nif [ $? != 0 ] ; then\n    # print error to STDERR\n    echo \"error: The sandbox is not in sync with the Podfile.lock. Run 'pod install' or update your CocoaPods installation.\" >&2\n    exit 1\nfi\n# This output is used by Xcode 'outputs' to avoid re-running this script phase.\necho \"SUCCESS\" > \"${SCRIPT_OUTPUT_FILE_0}\"\n";
			showEnvVarsInLog = 0;
		};
		75D58F7869624341AF0F69A3 /* [CP] Check Pods Manifest.lock */ = {
			isa = PBXShellScriptBuildPhase;
			buildActionMask = 2147483647;
			files = (
			);
			inputPaths = (
				"${PODS_PODFILE_DIR_PATH}/Podfile.lock",
				"${PODS_ROOT}/Manifest.lock",
			);
			name = "[CP] Check Pods Manifest.lock";
			outputPaths = (
				"$(DERIVED_FILE_DIR)/Pods-RFAutoLayoutDemo_Masonry_FDTemplateLayoutCell-checkManifestLockResult.txt",
			);
			runOnlyForDeploymentPostprocessing = 0;
			shellPath = /bin/sh;
			shellScript = "diff \"${PODS_PODFILE_DIR_PATH}/Podfile.lock\" \"${PODS_ROOT}/Manifest.lock\" > /dev/null\nif [ $? != 0 ] ; then\n    # print error to STDERR\n    echo \"error: The sandbox is not in sync with the Podfile.lock. Run 'pod install' or update your CocoaPods installation.\" >&2\n    exit 1\nfi\n# This output is used by Xcode 'outputs' to avoid re-running this script phase.\necho \"SUCCESS\" > \"${SCRIPT_OUTPUT_FILE_0}\"\n";
			showEnvVarsInLog = 0;
		};
		B73991ADCB5D48115F6E0026 /* [CP] Check Pods Manifest.lock */ = {
			isa = PBXShellScriptBuildPhase;
			buildActionMask = 2147483647;
			files = (
			);
			inputPaths = (
				"${PODS_PODFILE_DIR_PATH}/Podfile.lock",
				"${PODS_ROOT}/Manifest.lock",
			);
			name = "[CP] Check Pods Manifest.lock";
			outputPaths = (
				"$(DERIVED_FILE_DIR)/Pods-RFAutoLayoutDemo_Masonry_FDTemplateLayoutCellTests-checkManifestLockResult.txt",
			);
			runOnlyForDeploymentPostprocessing = 0;
			shellPath = /bin/sh;
			shellScript = "diff \"${PODS_PODFILE_DIR_PATH}/Podfile.lock\" \"${PODS_ROOT}/Manifest.lock\" > /dev/null\nif [ $? != 0 ] ; then\n    # print error to STDERR\n    echo \"error: The sandbox is not in sync with the Podfile.lock. Run 'pod install' or update your CocoaPods installation.\" >&2\n    exit 1\nfi\n# This output is used by Xcode 'outputs' to avoid re-running this script phase.\necho \"SUCCESS\" > \"${SCRIPT_OUTPUT_FILE_0}\"\n";
			showEnvVarsInLog = 0;
		};
/* End PBXShellScriptBuildPhase section */

/* Begin PBXSourcesBuildPhase section */
		215B1E34215C6E170084581D /* Sources */ = {
			isa = PBXSourcesBuildPhase;
			buildActionMask = 2147483647;
			files = (
				215B1E7E215CBA4B0084581D /* YYFPSLabel.m in Sources */,
				215B1E72215C6FFC0084581D /* RFMonentCell.m in Sources */,
				215B1E46215C6E170084581D /* RFAutoLayoutDemo_Masonry_FDTemplateLayoutCell.xcdatamodeld in Sources */,
				215B1E79215C784A0084581D /* MonentModel.m in Sources */,
				215B1E40215C6E170084581D /* ViewController.m in Sources */,
				215B1E4E215C6E190084581D /* main.m in Sources */,
				215B1E3D215C6E170084581D /* AppDelegate.m in Sources */,
			);
			runOnlyForDeploymentPostprocessing = 0;
		};
		215B1E4F215C6E190084581D /* Sources */ = {
			isa = PBXSourcesBuildPhase;
			buildActionMask = 2147483647;
			files = (
				215B1E58215C6E190084581D /* RFAutoLayoutDemo_Masonry_FDTemplateLayoutCellTests.m in Sources */,
			);
			runOnlyForDeploymentPostprocessing = 0;
		};
		215B1E5A215C6E190084581D /* Sources */ = {
			isa = PBXSourcesBuildPhase;
			buildActionMask = 2147483647;
			files = (
				215B1E63215C6E190084581D /* RFAutoLayoutDemo_Masonry_FDTemplateLayoutCellUITests.m in Sources */,
			);
			runOnlyForDeploymentPostprocessing = 0;
		};
/* End PBXSourcesBuildPhase section */

/* Begin PBXTargetDependency section */
		215B1E55215C6E190084581D /* PBXTargetDependency */ = {
			isa = PBXTargetDependency;
			target = 215B1E37215C6E170084581D /* RFAutoLayoutDemo_Masonry_FDTemplateLayoutCell */;
			targetProxy = 215B1E54215C6E190084581D /* PBXContainerItemProxy */;
		};
		215B1E60215C6E190084581D /* PBXTargetDependency */ = {
			isa = PBXTargetDependency;
			target = 215B1E37215C6E170084581D /* RFAutoLayoutDemo_Masonry_FDTemplateLayoutCell */;
			targetProxy = 215B1E5F215C6E190084581D /* PBXContainerItemProxy */;
		};
/* End PBXTargetDependency section */

/* Begin PBXVariantGroup section */
		215B1E41215C6E170084581D /* Main.storyboard */ = {
			isa = PBXVariantGroup;
			children = (
				215B1E42215C6E170084581D /* Base */,
			);
			name = Main.storyboard;
			sourceTree = "<group>";
		};
		215B1E49215C6E190084581D /* LaunchScreen.storyboard */ = {
			isa = PBXVariantGroup;
			children = (
				215B1E4A215C6E190084581D /* Base */,
			);
			name = LaunchScreen.storyboard;
			sourceTree = "<group>";
		};
/* End PBXVariantGroup section */

/* Begin XCBuildConfiguration section */
		215B1E65215C6E190084581D /* Debug */ = {
			isa = XCBuildConfiguration;
			buildSettings = {
				ALWAYS_SEARCH_USER_PATHS = NO;
				CLANG_ANALYZER_NONNULL = YES;
				CLANG_ANALYZER_NUMBER_OBJECT_CONVERSION = YES_AGGRESSIVE;
				CLANG_CXX_LANGUAGE_STANDARD = "gnu++14";
				CLANG_CXX_LIBRARY = "libc++";
				CLANG_ENABLE_MODULES = YES;
				CLANG_ENABLE_OBJC_ARC = YES;
				CLANG_ENABLE_OBJC_WEAK = YES;
				CLANG_WARN_BLOCK_CAPTURE_AUTORELEASING = YES;
				CLANG_WARN_BOOL_CONVERSION = YES;
				CLANG_WARN_COMMA = YES;
				CLANG_WARN_CONSTANT_CONVERSION = YES;
				CLANG_WARN_DEPRECATED_OBJC_IMPLEMENTATIONS = YES;
				CLANG_WARN_DIRECT_OBJC_ISA_USAGE = YES_ERROR;
				CLANG_WARN_DOCUMENTATION_COMMENTS = YES;
				CLANG_WARN_EMPTY_BODY = YES;
				CLANG_WARN_ENUM_CONVERSION = YES;
				CLANG_WARN_INFINITE_RECURSION = YES;
				CLANG_WARN_INT_CONVERSION = YES;
				CLANG_WARN_NON_LITERAL_NULL_CONVERSION = YES;
				CLANG_WARN_OBJC_IMPLICIT_RETAIN_SELF = YES;
				CLANG_WARN_OBJC_LITERAL_CONVERSION = YES;
				CLANG_WARN_OBJC_ROOT_CLASS = YES_ERROR;
				CLANG_WARN_RANGE_LOOP_ANALYSIS = YES;
				CLANG_WARN_STRICT_PROTOTYPES = YES;
				CLANG_WARN_SUSPICIOUS_MOVE = YES;
				CLANG_WARN_UNGUARDED_AVAILABILITY = YES_AGGRESSIVE;
				CLANG_WARN_UNREACHABLE_CODE = YES;
				CLANG_WARN__DUPLICATE_METHOD_MATCH = YES;
				CODE_SIGN_IDENTITY = "iPhone Developer";
				COPY_PHASE_STRIP = NO;
				DEBUG_INFORMATION_FORMAT = dwarf;
				ENABLE_STRICT_OBJC_MSGSEND = YES;
				ENABLE_TESTABILITY = YES;
				GCC_C_LANGUAGE_STANDARD = gnu11;
				GCC_DYNAMIC_NO_PIC = NO;
				GCC_NO_COMMON_BLOCKS = YES;
				GCC_OPTIMIZATION_LEVEL = 0;
				GCC_PREPROCESSOR_DEFINITIONS = (
					"DEBUG=1",
					"$(inherited)",
				);
				GCC_WARN_64_TO_32_BIT_CONVERSION = YES;
				GCC_WARN_ABOUT_RETURN_TYPE = YES_ERROR;
				GCC_WARN_UNDECLARED_SELECTOR = YES;
				GCC_WARN_UNINITIALIZED_AUTOS = YES_AGGRESSIVE;
				GCC_WARN_UNUSED_FUNCTION = YES;
				GCC_WARN_UNUSED_VARIABLE = YES;
				IPHONEOS_DEPLOYMENT_TARGET = 11.4;
				MTL_ENABLE_DEBUG_INFO = YES;
				ONLY_ACTIVE_ARCH = YES;
				SDKROOT = iphoneos;
			};
			name = Debug;
		};
		215B1E66215C6E190084581D /* Release */ = {
			isa = XCBuildConfiguration;
			buildSettings = {
				ALWAYS_SEARCH_USER_PATHS = NO;
				CLANG_ANALYZER_NONNULL = YES;
				CLANG_ANALYZER_NUMBER_OBJECT_CONVERSION = YES_AGGRESSIVE;
				CLANG_CXX_LANGUAGE_STANDARD = "gnu++14";
				CLANG_CXX_LIBRARY = "libc++";
				CLANG_ENABLE_MODULES = YES;
				CLANG_ENABLE_OBJC_ARC = YES;
				CLANG_ENABLE_OBJC_WEAK = YES;
				CLANG_WARN_BLOCK_CAPTURE_AUTORELEASING = YES;
				CLANG_WARN_BOOL_CONVERSION = YES;
				CLANG_WARN_COMMA = YES;
				CLANG_WARN_CONSTANT_CONVERSION = YES;
				CLANG_WARN_DEPRECATED_OBJC_IMPLEMENTATIONS = YES;
				CLANG_WARN_DIRECT_OBJC_ISA_USAGE = YES_ERROR;
				CLANG_WARN_DOCUMENTATION_COMMENTS = YES;
				CLANG_WARN_EMPTY_BODY = YES;
				CLANG_WARN_ENUM_CONVERSION = YES;
				CLANG_WARN_INFINITE_RECURSION = YES;
				CLANG_WARN_INT_CONVERSION = YES;
				CLANG_WARN_NON_LITERAL_NULL_CONVERSION = YES;
				CLANG_WARN_OBJC_IMPLICIT_RETAIN_SELF = YES;
				CLANG_WARN_OBJC_LITERAL_CONVERSION = YES;
				CLANG_WARN_OBJC_ROOT_CLASS = YES_ERROR;
				CLANG_WARN_RANGE_LOOP_ANALYSIS = YES;
				CLANG_WARN_STRICT_PROTOTYPES = YES;
				CLANG_WARN_SUSPICIOUS_MOVE = YES;
				CLANG_WARN_UNGUARDED_AVAILABILITY = YES_AGGRESSIVE;
				CLANG_WARN_UNREACHABLE_CODE = YES;
				CLANG_WARN__DUPLICATE_METHOD_MATCH = YES;
				CODE_SIGN_IDENTITY = "iPhone Developer";
				COPY_PHASE_STRIP = NO;
				DEBUG_INFORMATION_FORMAT = "dwarf-with-dsym";
				ENABLE_NS_ASSERTIONS = NO;
				ENABLE_STRICT_OBJC_MSGSEND = YES;
				GCC_C_LANGUAGE_STANDARD = gnu11;
				GCC_NO_COMMON_BLOCKS = YES;
				GCC_WARN_64_TO_32_BIT_CONVERSION = YES;
				GCC_WARN_ABOUT_RETURN_TYPE = YES_ERROR;
				GCC_WARN_UNDECLARED_SELECTOR = YES;
				GCC_WARN_UNINITIALIZED_AUTOS = YES_AGGRESSIVE;
				GCC_WARN_UNUSED_FUNCTION = YES;
				GCC_WARN_UNUSED_VARIABLE = YES;
				IPHONEOS_DEPLOYMENT_TARGET = 11.4;
				MTL_ENABLE_DEBUG_INFO = NO;
				SDKROOT = iphoneos;
				VALIDATE_PRODUCT = YES;
			};
			name = Release;
		};
		215B1E68215C6E190084581D /* Debug */ = {
			isa = XCBuildConfiguration;
			baseConfigurationReference = 3ABEFAC97765BE27C8819760 /* Pods-RFAutoLayoutDemo_Masonry_FDTemplateLayoutCell.debug.xcconfig */;
			buildSettings = {
				ASSETCATALOG_COMPILER_APPICON_NAME = AppIcon;
				CODE_SIGN_STYLE = Automatic;
				DEVELOPMENT_TEAM = TM6D7482ZM;
				GCC_PRECOMPILE_PREFIX_HEADER = YES;
				GCC_PREFIX_HEADER = "$(SRCROOT)/RFAutoLayoutDemo_Masonry_FDTemplateLayoutCell/AppEntry/PrefixHeader.pch";
				INFOPLIST_FILE = RFAutoLayoutDemo_Masonry_FDTemplateLayoutCell/AppEntry/Info.plist;
				LD_RUNPATH_SEARCH_PATHS = (
					"$(inherited)",
					"@executable_path/Frameworks",
				);
				PRODUCT_BUNDLE_IDENTIFIER = "riceFun.RFAutoLayoutDemo-Masonry-FDTemplateLayoutCell";
				PRODUCT_NAME = "$(TARGET_NAME)";
				TARGETED_DEVICE_FAMILY = "1,2";
			};
			name = Debug;
		};
		215B1E69215C6E190084581D /* Release */ = {
			isa = XCBuildConfiguration;
			baseConfigurationReference = 61258F642F917779448EA98D /* Pods-RFAutoLayoutDemo_Masonry_FDTemplateLayoutCell.release.xcconfig */;
			buildSettings = {
				ASSETCATALOG_COMPILER_APPICON_NAME = AppIcon;
				CODE_SIGN_STYLE = Automatic;
				DEVELOPMENT_TEAM = TM6D7482ZM;
				GCC_PRECOMPILE_PREFIX_HEADER = YES;
				GCC_PREFIX_HEADER = "$(SRCROOT)/RFAutoLayoutDemo_Masonry_FDTemplateLayoutCell/AppEntry/PrefixHeader.pch";
				INFOPLIST_FILE = RFAutoLayoutDemo_Masonry_FDTemplateLayoutCell/AppEntry/Info.plist;
				LD_RUNPATH_SEARCH_PATHS = (
					"$(inherited)",
					"@executable_path/Frameworks",
				);
				PRODUCT_BUNDLE_IDENTIFIER = "riceFun.RFAutoLayoutDemo-Masonry-FDTemplateLayoutCell";
				PRODUCT_NAME = "$(TARGET_NAME)";
				TARGETED_DEVICE_FAMILY = "1,2";
			};
			name = Release;
		};
		215B1E6B215C6E190084581D /* Debug */ = {
			isa = XCBuildConfiguration;
			baseConfigurationReference = F6B26AFED0494CAA9B0648BD /* Pods-RFAutoLayoutDemo_Masonry_FDTemplateLayoutCellTests.debug.xcconfig */;
			buildSettings = {
				BUNDLE_LOADER = "$(TEST_HOST)";
				CODE_SIGN_STYLE = Automatic;
				INFOPLIST_FILE = RFAutoLayoutDemo_Masonry_FDTemplateLayoutCellTests/Info.plist;
				LD_RUNPATH_SEARCH_PATHS = (
					"$(inherited)",
					"@executable_path/Frameworks",
					"@loader_path/Frameworks",
				);
				PRODUCT_BUNDLE_IDENTIFIER = "riceFun.RFAutoLayoutDemo-Masonry-FDTemplateLayoutCellTests";
				PRODUCT_NAME = "$(TARGET_NAME)";
				TARGETED_DEVICE_FAMILY = "1,2";
				TEST_HOST = "$(BUILT_PRODUCTS_DIR)/RFAutoLayoutDemo_Masonry_FDTemplateLayoutCell.app/RFAutoLayoutDemo_Masonry_FDTemplateLayoutCell";
			};
			name = Debug;
		};
		215B1E6C215C6E190084581D /* Release */ = {
			isa = XCBuildConfiguration;
			baseConfigurationReference = 3D5819F0EA27E586920A2039 /* Pods-RFAutoLayoutDemo_Masonry_FDTemplateLayoutCellTests.release.xcconfig */;
			buildSettings = {
				BUNDLE_LOADER = "$(TEST_HOST)";
				CODE_SIGN_STYLE = Automatic;
				INFOPLIST_FILE = RFAutoLayoutDemo_Masonry_FDTemplateLayoutCellTests/Info.plist;
				LD_RUNPATH_SEARCH_PATHS = (
					"$(inherited)",
					"@executable_path/Frameworks",
					"@loader_path/Frameworks",
				);
				PRODUCT_BUNDLE_IDENTIFIER = "riceFun.RFAutoLayoutDemo-Masonry-FDTemplateLayoutCellTests";
				PRODUCT_NAME = "$(TARGET_NAME)";
				TARGETED_DEVICE_FAMILY = "1,2";
				TEST_HOST = "$(BUILT_PRODUCTS_DIR)/RFAutoLayoutDemo_Masonry_FDTemplateLayoutCell.app/RFAutoLayoutDemo_Masonry_FDTemplateLayoutCell";
			};
			name = Release;
		};
		215B1E6E215C6E190084581D /* Debug */ = {
			isa = XCBuildConfiguration;
			baseConfigurationReference = 1F3F8AC99F68A2DB4F95F8C0 /* Pods-RFAutoLayoutDemo_Masonry_FDTemplateLayoutCellUITests.debug.xcconfig */;
			buildSettings = {
				CODE_SIGN_STYLE = Automatic;
				INFOPLIST_FILE = RFAutoLayoutDemo_Masonry_FDTemplateLayoutCellUITests/Info.plist;
				LD_RUNPATH_SEARCH_PATHS = (
					"$(inherited)",
					"@executable_path/Frameworks",
					"@loader_path/Frameworks",
				);
				PRODUCT_BUNDLE_IDENTIFIER = "riceFun.RFAutoLayoutDemo-Masonry-FDTemplateLayoutCellUITests";
				PRODUCT_NAME = "$(TARGET_NAME)";
				TARGETED_DEVICE_FAMILY = "1,2";
				TEST_TARGET_NAME = RFAutoLayoutDemo_Masonry_FDTemplateLayoutCell;
			};
			name = Debug;
		};
		215B1E6F215C6E190084581D /* Release */ = {
			isa = XCBuildConfiguration;
			baseConfigurationReference = 8F3011DFB1735A6CB81E3D2C /* Pods-RFAutoLayoutDemo_Masonry_FDTemplateLayoutCellUITests.release.xcconfig */;
			buildSettings = {
				CODE_SIGN_STYLE = Automatic;
				INFOPLIST_FILE = RFAutoLayoutDemo_Masonry_FDTemplateLayoutCellUITests/Info.plist;
				LD_RUNPATH_SEARCH_PATHS = (
					"$(inherited)",
					"@executable_path/Frameworks",
					"@loader_path/Frameworks",
				);
				PRODUCT_BUNDLE_IDENTIFIER = "riceFun.RFAutoLayoutDemo-Masonry-FDTemplateLayoutCellUITests";
				PRODUCT_NAME = "$(TARGET_NAME)";
				TARGETED_DEVICE_FAMILY = "1,2";
				TEST_TARGET_NAME = RFAutoLayoutDemo_Masonry_FDTemplateLayoutCell;
			};
			name = Release;
		};
/* End XCBuildConfiguration section */

/* Begin XCConfigurationList section */
		215B1E33215C6E170084581D /* Build configuration list for PBXProject "RFAutoLayoutDemo_Masonry_FDTemplateLayoutCell" */ = {
			isa = XCConfigurationList;
			buildConfigurations = (
				215B1E65215C6E190084581D /* Debug */,
				215B1E66215C6E190084581D /* Release */,
			);
			defaultConfigurationIsVisible = 0;
			defaultConfigurationName = Release;
		};
		215B1E67215C6E190084581D /* Build configuration list for PBXNativeTarget "RFAutoLayoutDemo_Masonry_FDTemplateLayoutCell" */ = {
			isa = XCConfigurationList;
			buildConfigurations = (
				215B1E68215C6E190084581D /* Debug */,
				215B1E69215C6E190084581D /* Release */,
			);
			defaultConfigurationIsVisible = 0;
			defaultConfigurationName = Release;
		};
		215B1E6A215C6E190084581D /* Build configuration list for PBXNativeTarget "RFAutoLayoutDemo_Masonry_FDTemplateLayoutCellTests" */ = {
			isa = XCConfigurationList;
			buildConfigurations = (
				215B1E6B215C6E190084581D /* Debug */,
				215B1E6C215C6E190084581D /* Release */,
			);
			defaultConfigurationIsVisible = 0;
			defaultConfigurationName = Release;
		};
		215B1E6D215C6E190084581D /* Build configuration list for PBXNativeTarget "RFAutoLayoutDemo_Masonry_FDTemplateLayoutCellUITests" */ = {
			isa = XCConfigurationList;
			buildConfigurations = (
				215B1E6E215C6E190084581D /* Debug */,
				215B1E6F215C6E190084581D /* Release */,
			);
			defaultConfigurationIsVisible = 0;
			defaultConfigurationName = Release;
		};
/* End XCConfigurationList section */

/* Begin XCVersionGroup section */
		215B1E44215C6E170084581D /* RFAutoLayoutDemo_Masonry_FDTemplateLayoutCell.xcdatamodeld */ = {
			isa = XCVersionGroup;
			children = (
				215B1E45215C6E170084581D /* RFAutoLayoutDemo_Masonry_FDTemplateLayoutCell.xcdatamodel */,
			);
			currentVersion = 215B1E45215C6E170084581D /* RFAutoLayoutDemo_Masonry_FDTemplateLayoutCell.xcdatamodel */;
			path = RFAutoLayoutDemo_Masonry_FDTemplateLayoutCell.xcdatamodeld;
			sourceTree = "<group>";
			versionGroupType = wrapper.xcdatamodel;
		};
/* End XCVersionGroup section */
	};
	rootObject = 215B1E30215C6E170084581D /* Project object */;
}
